
Microsoft Visual Studio Solution File, Format Version 12.00
# Visual Studio Version 17
VisualStudioVersion = 17.4.33213.308
MinimumVisualStudioVersion = 10.0.40219.1
Project("{FAE04EC0-301F-11D3-BF4B-00C04F79EFBC}") = "ConsoleApp2", "ConsoleApp2\ConsoleApp2.csproj", "{015B6A05-2606-42F7-8697-39C349EF2DB2}"
EndProject
Global
	GlobalSection(SolutionConfigurationPlatforms) = preSolution
		Debug|Any CPU = Debug|Any CPU
		Release|Any CPU = Release|Any CPU
	EndGlobalSection
	GlobalSection(ProjectConfigurationPlatforms) = postSolution
		{015B6A05-2606-42F7-8697-39C349EF2DB2}.Debug|Any CPU.ActiveCfg = Debug|Any CPU
		{015B6A05-2606-42F7-8697-39C349EF2DB2}.Debug|Any CPU.Build.0 = Debug|Any CPU
		{015B6A05-2606-42F7-8697-39C349EF2DB2}.Release|Any CPU.ActiveCfg = Release|Any CPU
		{015B6A05-2606-42F7-8697-39C349EF2DB2}.Release|Any CPU.Build.0 = Release|Any CPU
	EndGlobalSection
	GlobalSection(SolutionProperties) = preSolution
		HideSolutionNode = FALSE
	EndGlobalSection
	GlobalSection(ExtensibilityGlobals) = postSolution
		SolutionGuid = {54101791-A0E5-4DE7-8101-D3D7A7D50600}
	EndGlobalSection
EndGlobal
